
Microsoft Visual Studio Solution File, Format Version 12.00
# Visual Studio Version 16
VisualStudioVersion = 16.0.30611.23
MinimumVisualStudioVersion = 10.0.40219.1
Project("{FAE04EC0-301F-11D3-BF4B-00C04F79EFBC}") = "Somotecan_Marinela_proiectwa", "Somotecan_Marinela_proiectwa.csproj", "{72019F80-FD72-4F60-AEB0-D6C20FD90F68}"
EndProject
Global
	GlobalSection(SolutionConfigurationPlatforms) = preSolution
		Debug|Any CPU = Debug|Any CPU
		Release|Any CPU = Release|Any CPU
	EndGlobalSection
	GlobalSection(ProjectConfigurationPlatforms) = postSolution
		{72019F80-FD72-4F60-AEB0-D6C20FD90F68}.Debug|Any CPU.ActiveCfg = Debug|Any CPU
		{72019F80-FD72-4F60-AEB0-D6C20FD90F68}.Debug|Any CPU.Build.0 = Debug|Any CPU
		{72019F80-FD72-4F60-AEB0-D6C20FD90F68}.Release|Any CPU.ActiveCfg = Release|Any CPU
		{72019F80-FD72-4F60-AEB0-D6C20FD90F68}.Release|Any CPU.Build.0 = Release|Any CPU
	EndGlobalSection
	GlobalSection(SolutionProperties) = preSolution
		HideSolutionNode = FALSE
	EndGlobalSection
	GlobalSection(ExtensibilityGlobals) = postSolution
		SolutionGuid = {129BADF7-E787-4ECF-B3C7-0631A028808B}
	EndGlobalSection
EndGlobal
